# This file is autogenerated, do not edit; changes may be undone by the next 'dep ensure'.


[[projects]]
  digest = "1:043114d51f55d1962023be1573f083ea63713433d15597500a0b828d164a3666"
  name = "github.com/hashicorp/go-hclog"
  packages = ["."]
  pruneopts = "UT"
  revision = "d2f17ae9f9297cad64f18f15d537397e8783627b"
  version = "v0.9.0"

[solve-meta]
  analyzer-name = "dep"
  analyzer-version = 1
  input-imports = ["github.com/hashicorp/go-hclog"]
  solver-name = "gps-cdcl"
  solver-version = 1
